Microsoft Visual Studio Solution File, Format Version 12.00
# Visual Studio Version 17
VisualStudioVersion = 17.0.31903.59
MinimumVisualStudioVersion = 10.0.40219.1
Project("{2150E333-8FDC-42A3-9474-1A3956D46DE8}") = "Solution Items", "Solution Items", "{A98846C7-82BF-4C17-9149-61F80824E31C}"
	ProjectSection(SolutionItems) = preProject
		.gitignore = .gitignore
		README.md = README.md
	EndProjectSection
EndProject
Project("{2150E333-8FDC-42A3-9474-1A3956D46DE8}") = "Backend", "Backend", "{760CA85E-5DDC-4731-BC20-21398223847F}"
	ProjectSection(SolutionItems) = preProject
		backend\package.json = backend\package.json
		backend\.env.example = backend\.env.example
		backend\src\server.js = backend\src\server.js
	EndProjectSection
EndProject
Project("{2150E333-8FDC-42A3-9474-1A3956D46DE8}") = "Config", "Config", "{B1000001-0000-0000-0000-000000000001}"
	ProjectSection(SolutionItems) = preProject
		backend\src\config\db.js = backend\src\config\db.js
		backend\src\config\redis.js = backend\src\config\redis.js
	EndProjectSection
EndProject
Project("{2150E333-8FDC-42A3-9474-1A3956D46DE8}") = "Controllers", "Controllers", "{B1000002-0000-0000-0000-000000000002}"
	ProjectSection(SolutionItems) = preProject
		backend\src\controllers\authController.js = backend\src\controllers\authController.js
		backend\src\controllers\giftController.js = backend\src\controllers\giftController.js
		backend\src\controllers\reportController.js = backend\src\controllers\reportController.js
		backend\src\controllers\roomController.js = backend\src\controllers\roomController.js
		backend\src\controllers\userController.js = backend\src\controllers\userController.js
	EndProjectSection
EndProject
Project("{2150E333-8FDC-42A3-9474-1A3956D46DE8}") = "Middlewares", "Middlewares", "{B1000003-0000-0000-0000-000000000003}"
	ProjectSection(SolutionItems) = preProject
		backend\src\middlewares\authMiddleware.js = backend\src\middlewares\authMiddleware.js
	EndProjectSection
EndProject
Project("{2150E333-8FDC-42A3-9474-1A3956D46DE8}") = "Models", "Models", "{B1000004-0000-0000-0000-000000000004}"
	ProjectSection(SolutionItems) = preProject
		backend\src\models\Gift.js = backend\src\models\Gift.js
		backend\src\models\Report.js = backend\src\models\Report.js
		backend\src\models\Room.js = backend\src\models\Room.js
		backend\src\models\Transaction.js = backend\src\models\Transaction.js
		backend\src\models\User.js = backend\src\models\User.js
	EndProjectSection
EndProject
Project("{2150E333-8FDC-42A3-9474-1A3956D46DE8}") = "Routes", "Routes", "{B1000005-0000-0000-0000-000000000005}"
	ProjectSection(SolutionItems) = preProject
		backend\src\routes\authRoutes.js = backend\src\routes\authRoutes.js
		backend\src\routes\giftRoutes.js = backend\src\routes\giftRoutes.js
		backend\src\routes\reportRoutes.js = backend\src\routes\reportRoutes.js
		backend\src\routes\roomRoutes.js = backend\src\routes\roomRoutes.js
		backend\src\routes\userRoutes.js = backend\src\routes\userRoutes.js
	EndProjectSection
EndProject
Project("{2150E333-8FDC-42A3-9474-1A3956D46DE8}") = "Services", "Services", "{B1000006-0000-0000-0000-000000000006}"
	ProjectSection(SolutionItems) = preProject
		backend\src\services\levelService.js = backend\src\services\levelService.js
	EndProjectSection
EndProject
Project("{2150E333-8FDC-42A3-9474-1A3956D46DE8}") = "Sockets", "Sockets", "{B1000007-0000-0000-0000-000000000007}"
	ProjectSection(SolutionItems) = preProject
		backend\src\sockets\roomSocket.js = backend\src\sockets\roomSocket.js
	EndProjectSection
EndProject
Project("{2150E333-8FDC-42A3-9474-1A3956D46DE8}") = "Mobile", "Mobile", "{A47BF7F9-53DC-43B6-9533-3176B8BEF843}"
	ProjectSection(SolutionItems) = preProject
		mobile\package.json = mobile\package.json
		mobile\app.json = mobile\app.json
		mobile\babel.config.js = mobile\babel.config.js
		mobile\App.js = mobile\App.js
	EndProjectSection
EndProject
Project("{2150E333-8FDC-42A3-9474-1A3956D46DE8}") = "Api", "Api", "{C1000001-0000-0000-0000-000000000001}"
	ProjectSection(SolutionItems) = preProject
		mobile\src\api\client.js = mobile\src\api\client.js
	EndProjectSection
EndProject
Project("{2150E333-8FDC-42A3-9474-1A3956D46DE8}") = "Components", "Components", "{C1000002-0000-0000-0000-000000000002}"
	ProjectSection(SolutionItems) = preProject
		mobile\src\components\AvatarWithFrame.js = mobile\src\components\AvatarWithFrame.js
		mobile\src\components\GiftBottomSheet.js = mobile\src\components\GiftBottomSheet.js
		mobile\src\components\KickModal.js = mobile\src\components\KickModal.js
		mobile\src\components\ReportModal.js = mobile\src\components\ReportModal.js
		mobile\src\components\RoomLockModal.js = mobile\src\components\RoomLockModal.js
		mobile\src\components\RoomSeatGrid.js = mobile\src\components\RoomSeatGrid.js
	EndProjectSection
EndProject
Project("{2150E333-8FDC-42A3-9474-1A3956D46DE8}") = "Screens", "Screens", "{C1000003-0000-0000-0000-000000000003}"
	ProjectSection(SolutionItems) = preProject
		mobile\src\screens\AuthScreen.js = mobile\src\screens\AuthScreen.js
		mobile\src\screens\HomeScreen.js = mobile\src\screens\HomeScreen.js
		mobile\src\screens\UserProfileScreen.js = mobile\src\screens\UserProfileScreen.js
		mobile\src\screens\VoiceRoomScreen.js = mobile\src\screens\VoiceRoomScreen.js
	EndProjectSection
EndProject
Global
	GlobalSection(SolutionConfigurationPlatforms) = preSolution
		Debug|Any CPU = Debug|Any CPU
		Release|Any CPU = Release|Any CPU
	EndGlobalSection
	GlobalSection(NestedProjects) = preSolution
		{B1000001-0000-0000-0000-000000000001} = {760CA85E-5DDC-4731-BC20-21398223847F}
		{B1000002-0000-0000-0000-000000000002} = {760CA85E-5DDC-4731-BC20-21398223847F}
		{B1000003-0000-0000-0000-000000000003} = {760CA85E-5DDC-4731-BC20-21398223847F}
		{B1000004-0000-0000-0000-000000000004} = {760CA85E-5DDC-4731-BC20-21398223847F}
		{B1000005-0000-0000-0000-000000000005} = {760CA85E-5DDC-4731-BC20-21398223847F}
		{B1000006-0000-0000-0000-000000000006} = {760CA85E-5DDC-4731-BC20-21398223847F}
		{B1000007-0000-0000-0000-000000000007} = {760CA85E-5DDC-4731-BC20-21398223847F}
		{C1000001-0000-0000-0000-000000000001} = {A47BF7F9-53DC-43B6-9533-3176B8BEF843}
		{C1000002-0000-0000-0000-000000000002} = {A47BF7F9-53DC-43B6-9533-3176B8BEF843}
		{C1000003-0000-0000-0000-000000000003} = {A47BF7F9-53DC-43B6-9533-3176B8BEF843}
	EndGlobalSection
EndGlobal
